
Microsoft Visual Studio Solution File, Format Version 12.00
# Visual Studio 15
VisualStudioVersion = 15.0.27130.2026
MinimumVisualStudioVersion = 10.0.40219.1
Project("{9A19103F-16F7-4668-BE54-9A1E7A4F7556}") = "Bau", "Bau\Bau.csproj", "{694E209C-29C1-4579-91C2-9044A38F22BE}"
EndProject
Project("{FAE04EC0-301F-11D3-BF4B-00C04F79EFBC}") = "Bau.Data", "Bau.Data\Bau.Data.csproj", "{8F7C7FC6-B6D8-463F-84BD-81B2DC57A909}"
EndProject
Project("{FAE04EC0-301F-11D3-BF4B-00C04F79EFBC}") = "Bau.Planning", "Bau.Planning\Bau.Planning.csproj", "{B018AB05-3E9C-4C08-A0FF-1A00C320ED48}"
EndProject
Global
	GlobalSection(SolutionConfigurationPlatforms) = preSolution
		Debug|Any CPU = Debug|Any CPU
		Release|Any CPU = Release|Any CPU
	EndGlobalSection
	GlobalSection(ProjectConfigurationPlatforms) = postSolution
		{694E209C-29C1-4579-91C2-9044A38F22BE}.Debug|Any CPU.ActiveCfg = Debug|Any CPU
		{694E209C-29C1-4579-91C2-9044A38F22BE}.Debug|Any CPU.Build.0 = Debug|Any CPU
		{694E209C-29C1-4579-91C2-9044A38F22BE}.Release|Any CPU.ActiveCfg = Release|Any CPU
		{694E209C-29C1-4579-91C2-9044A38F22BE}.Release|Any CPU.Build.0 = Release|Any CPU
		{8F7C7FC6-B6D8-463F-84BD-81B2DC57A909}.Debug|Any CPU.ActiveCfg = Debug|Any CPU
		{8F7C7FC6-B6D8-463F-84BD-81B2DC57A909}.Debug|Any CPU.Build.0 = Debug|Any CPU
		{8F7C7FC6-B6D8-463F-84BD-81B2DC57A909}.Release|Any CPU.ActiveCfg = Release|Any CPU
		{8F7C7FC6-B6D8-463F-84BD-81B2DC57A909}.Release|Any CPU.Build.0 = Release|Any CPU
		{B018AB05-3E9C-4C08-A0FF-1A00C320ED48}.Debug|Any CPU.ActiveCfg = Debug|Any CPU
		{B018AB05-3E9C-4C08-A0FF-1A00C320ED48}.Debug|Any CPU.Build.0 = Debug|Any CPU
		{B018AB05-3E9C-4C08-A0FF-1A00C320ED48}.Release|Any CPU.ActiveCfg = Release|Any CPU
		{B018AB05-3E9C-4C08-A0FF-1A00C320ED48}.Release|Any CPU.Build.0 = Release|Any CPU
	EndGlobalSection
	GlobalSection(SolutionProperties) = preSolution
		HideSolutionNode = FALSE
	EndGlobalSection
	GlobalSection(ExtensibilityGlobals) = postSolution
		SolutionGuid = {418FE2A0-E846-4B1E-A434-1A858D01CA93}
	EndGlobalSection
EndGlobal
